
Microsoft Visual Studio Solution File, Format Version 12.00
# Visual Studio 15
VisualStudioVersion = 15.0.27428.1
MinimumVisualStudioVersion = 10.0.40219.1
Project("{FAE04EC0-301F-11D3-BF4B-00C04F79EFBC}") = "entegra", "entegra.csproj", "{5193CEEE-6C49-4ADC-B8F0-0D6306C72A3B}"
EndProject
Global
	GlobalSection(SolutionConfigurationPlatforms) = preSolution
		Debug|Any CPU = Debug|Any CPU
		Release|Any CPU = Release|Any CPU
	EndGlobalSection
	GlobalSection(ProjectConfigurationPlatforms) = postSolution
		{5193CEEE-6C49-4ADC-B8F0-0D6306C72A3B}.Debug|Any CPU.ActiveCfg = Debug|Any CPU
		{5193CEEE-6C49-4ADC-B8F0-0D6306C72A3B}.Debug|Any CPU.Build.0 = Debug|Any CPU
		{5193CEEE-6C49-4ADC-B8F0-0D6306C72A3B}.Release|Any CPU.ActiveCfg = Release|Any CPU
		{5193CEEE-6C49-4ADC-B8F0-0D6306C72A3B}.Release|Any CPU.Build.0 = Release|Any CPU
	EndGlobalSection
	GlobalSection(SolutionProperties) = preSolution
		HideSolutionNode = FALSE
	EndGlobalSection
	GlobalSection(ExtensibilityGlobals) = postSolution
		SolutionGuid = {80EC6D35-F527-4B0D-AC49-DED20068AD3F}
	EndGlobalSection
EndGlobal
